// !$*UTF8*$!
{
	archiveVersion = 1;
	classes = {
	};
	objectVersion = 56;
	objects = {

/* Begin PBXBuildFile section */
		843F5FE72BC3F1E500693784 /* Days.swift in Sources */ = {isa = PBXBuildFile; fileRef = 843F5FE62BC3F1E500693784 /* Days.swift */; };
		844F825D2BF386F200A08C96 /* WeatherClient.swift in Sources */ = {isa = PBXBuildFile; fileRef = 844F825C2BF386F200A08C96 /* WeatherClient.swift */; };
		844F82602BF38ADA00A08C96 /* GeocodingClient.swift in Sources */ = {isa = PBXBuildFile; fileRef = 844F825F2BF38ADA00A08C96 /* GeocodingClient.swift */; };
		844F82622BF38B3800A08C96 /* APIEndpoint.swift in Sources */ = {isa = PBXBuildFile; fileRef = 844F82612BF38B3800A08C96 /* APIEndpoint.swift */; };
		844F82652BF38DA800A08C96 /* Constants.swift in Sources */ = {isa = PBXBuildFile; fileRef = 844F82642BF38DA800A08C96 /* Constants.swift */; };
		844F82672BF3913500A08C96 /* Location.swift in Sources */ = {isa = PBXBuildFile; fileRef = 844F82662BF3913500A08C96 /* Location.swift */; };
		844F82692BF39A4500A08C96 /* Weather.swift in Sources */ = {isa = PBXBuildFile; fileRef = 844F82682BF39A4500A08C96 /* Weather.swift */; };
		8476EC372BBDA889000AEAD3 /* WeatherApp.swift in Sources */ = {isa = PBXBuildFile; fileRef = 8476EC362BBDA889000AEAD3 /* WeatherApp.swift */; };
		8476EC392BBDA889000AEAD3 /* ContentView.swift in Sources */ = {isa = PBXBuildFile; fileRef = 8476EC382BBDA889000AEAD3 /* ContentView.swift */; };
		8476EC3B2BBDA88B000AEAD3 /* Assets.xcassets in Resources */ = {isa = PBXBuildFile; fileRef = 8476EC3A2BBDA88B000AEAD3 /* Assets.xcassets */; };
		8476EC3E2BBDA88B000AEAD3 /* Preview Assets.xcassets in Resources */ = {isa = PBXBuildFile; fileRef = 8476EC3D2BBDA88B000AEAD3 /* Preview Assets.xcassets */; };
		848D11432BF5276C00FC8A0B /* MeasurementFormatter+Extension.swift in Sources */ = {isa = PBXBuildFile; fileRef = 848D11422BF5276C00FC8A0B /* MeasurementFormatter+Extension.swift */; };
		84DABF5C2BBF112900E247AB /* WeatherButton.swift in Sources */ = {isa = PBXBuildFile; fileRef = 84DABF5B2BBF112900E247AB /* WeatherButton.swift */; };
/* End PBXBuildFile section */

/* Begin PBXFileReference section */
		843F5FE62BC3F1E500693784 /* Days.swift */ = {isa = PBXFileReference; lastKnownFileType = sourcecode.swift; path = Days.swift; sourceTree = "<group>"; };
		844F825C2BF386F200A08C96 /* WeatherClient.swift */ = {isa = PBXFileReference; lastKnownFileType = sourcecode.swift; path = WeatherClient.swift; sourceTree = "<group>"; };
		844F825F2BF38ADA00A08C96 /* GeocodingClient.swift */ = {isa = PBXFileReference; lastKnownFileType = sourcecode.swift; path = GeocodingClient.swift; sourceTree = "<group>"; };
		844F82612BF38B3800A08C96 /* APIEndpoint.swift */ = {isa = PBXFileReference; lastKnownFileType = sourcecode.swift; path = APIEndpoint.swift; sourceTree = "<group>"; };
		844F82642BF38DA800A08C96 /* Constants.swift */ = {isa = PBXFileReference; lastKnownFileType = sourcecode.swift; path = Constants.swift; sourceTree = "<group>"; };
		844F82662BF3913500A08C96 /* Location.swift */ = {isa = PBXFileReference; lastKnownFileType = sourcecode.swift; path = Location.swift; sourceTree = "<group>"; };
		844F82682BF39A4500A08C96 /* Weather.swift */ = {isa = PBXFileReference; lastKnownFileType = sourcecode.swift; path = Weather.swift; sourceTree = "<group>"; };
		8476EC332BBDA889000AEAD3 /* Weather.app */ = {isa = PBXFileReference; explicitFileType = wrapper.application; includeInIndex = 0; path = Weather.app; sourceTree = BUILT_PRODUCTS_DIR; };
		8476EC362BBDA889000AEAD3 /* WeatherApp.swift */ = {isa = PBXFileReference; lastKnownFileType = sourcecode.swift; path = WeatherApp.swift; sourceTree = "<group>"; };
		8476EC382BBDA889000AEAD3 /* ContentView.swift */ = {isa = PBXFileReference; lastKnownFileType = sourcecode.swift; path = ContentView.swift; sourceTree = "<group>"; };
		8476EC3A2BBDA88B000AEAD3 /* Assets.xcassets */ = {isa = PBXFileReference; lastKnownFileType = folder.assetcatalog; path = Assets.xcassets; sourceTree = "<group>"; };
		8476EC3D2BBDA88B000AEAD3 /* Preview Assets.xcassets */ = {isa = PBXFileReference; lastKnownFileType = folder.assetcatalog; path = "Preview Assets.xcassets"; sourceTree = "<group>"; };
		848D11422BF5276C00FC8A0B /* MeasurementFormatter+Extension.swift */ = {isa = PBXFileReference; lastKnownFileType = sourcecode.swift; path = "MeasurementFormatter+Extension.swift"; sourceTree = "<group>"; };
		84DABF5B2BBF112900E247AB /* WeatherButton.swift */ = {isa = PBXFileReference; lastKnownFileType = sourcecode.swift; path = WeatherButton.swift; sourceTree = "<group>"; };
/* End PBXFileReference section */

/* Begin PBXFrameworksBuildPhase section */
		8476EC302BBDA889000AEAD3 /* Frameworks */ = {
			isa = PBXFrameworksBuildPhase;
			buildActionMask = 2147483647;
			files = (
			);
			runOnlyForDeploymentPostprocessing = 0;
		};
/* End PBXFrameworksBuildPhase section */

/* Begin PBXGroup section */
		843F5FE82BC3F33500693784 /* Models */ = {
			isa = PBXGroup;
			children = (
				843F5FE62BC3F1E500693784 /* Days.swift */,
				844F82662BF3913500A08C96 /* Location.swift */,
				844F82682BF39A4500A08C96 /* Weather.swift */,
			);
			path = Models;
			sourceTree = "<group>";
		};
		844F825E2BF38A9900A08C96 /* Clients */ = {
			isa = PBXGroup;
			children = (
				844F825C2BF386F200A08C96 /* WeatherClient.swift */,
				844F825F2BF38ADA00A08C96 /* GeocodingClient.swift */,
				844F82612BF38B3800A08C96 /* APIEndpoint.swift */,
			);
			path = Clients;
			sourceTree = "<group>";
		};
		844F82632BF38D8500A08C96 /* Utilities */ = {
			isa = PBXGroup;
			children = (
				844F82642BF38DA800A08C96 /* Constants.swift */,
			);
			path = Utilities;
			sourceTree = "<group>";
		};
		8476EC2A2BBDA889000AEAD3 = {
			isa = PBXGroup;
			children = (
				8476EC352BBDA889000AEAD3 /* Weather */,
				8476EC342BBDA889000AEAD3 /* Products */,
			);
			sourceTree = "<group>";
		};
		8476EC342BBDA889000AEAD3 /* Products */ = {
			isa = PBXGroup;
			children = (
				8476EC332BBDA889000AEAD3 /* Weather.app */,
			);
			name = Products;
			sourceTree = "<group>";
		};
		8476EC352BBDA889000AEAD3 /* Weather */ = {
			isa = PBXGroup;
			children = (
				848D11412BF5274A00FC8A0B /* Extensions */,
				8476EC362BBDA889000AEAD3 /* WeatherApp.swift */,
				8476EC382BBDA889000AEAD3 /* ContentView.swift */,
				844F82632BF38D8500A08C96 /* Utilities */,
				844F825E2BF38A9900A08C96 /* Clients */,
				843F5FE82BC3F33500693784 /* Models */,
				84DABF5B2BBF112900E247AB /* WeatherButton.swift */,
				8476EC3A2BBDA88B000AEAD3 /* Assets.xcassets */,
				8476EC3C2BBDA88B000AEAD3 /* Preview Content */,
			);
			path = Weather;
			sourceTree = "<group>";
		};
		8476EC3C2BBDA88B000AEAD3 /* Preview Content */ = {
			isa = PBXGroup;
			children = (
				8476EC3D2BBDA88B000AEAD3 /* Preview Assets.xcassets */,
			);
			path = "Preview Content";
			sourceTree = "<group>";
		};
		848D11412BF5274A00FC8A0B /* Extensions */ = {
			isa = PBXGroup;
			children = (
				848D11422BF5276C00FC8A0B /* MeasurementFormatter+Extension.swift */,
			);
			path = Extensions;
			sourceTree = "<group>";
		};
/* End PBXGroup section */

/* Begin PBXNativeTarget section */
		8476EC322BBDA889000AEAD3 /* Weather */ = {
			isa = PBXNativeTarget;
			buildConfigurationList = 8476EC412BBDA88B000AEAD3 /* Build configuration list for PBXNativeTarget "Weather" */;
			buildPhases = (
				8476EC2F2BBDA889000AEAD3 /* Sources */,
				8476EC302BBDA889000AEAD3 /* Frameworks */,
				8476EC312BBDA889000AEAD3 /* Resources */,
			);
			buildRules = (
			);
			dependencies = (
			);
			name = Weather;
			productName = Weather;
			productReference = 8476EC332BBDA889000AEAD3 /* Weather.app */;
			productType = "com.apple.product-type.application";
		};
/* End PBXNativeTarget section */

/* Begin PBXProject section */
		8476EC2B2BBDA889000AEAD3 /* Project object */ = {
			isa = PBXProject;
			attributes = {
				BuildIndependentTargetsInParallel = 1;
				LastSwiftUpdateCheck = 1430;
				LastUpgradeCheck = 1540;
				TargetAttributes = {
					8476EC322BBDA889000AEAD3 = {
						CreatedOnToolsVersion = 14.3.1;
					};
				};
			};
			buildConfigurationList = 8476EC2E2BBDA889000AEAD3 /* Build configuration list for PBXProject "Weather" */;
			compatibilityVersion = "Xcode 14.0";
			developmentRegion = en;
			hasScannedForEncodings = 0;
			knownRegions = (
				en,
				Base,
			);
			mainGroup = 8476EC2A2BBDA889000AEAD3;
			productRefGroup = 8476EC342BBDA889000AEAD3 /* Products */;
			projectDirPath = "";
			projectRoot = "";
			targets = (
				8476EC322BBDA889000AEAD3 /* Weather */,
			);
		};
/* End PBXProject section */

/* Begin PBXResourcesBuildPhase section */
		8476EC312BBDA889000AEAD3 /* Resources */ = {
			isa = PBXResourcesBuildPhase;
			buildActionMask = 2147483647;
			files = (
				8476EC3E2BBDA88B000AEAD3 /* Preview Assets.xcassets in Resources */,
				8476EC3B2BBDA88B000AEAD3 /* Assets.xcassets in Resources */,
			);
			runOnlyForDeploymentPostprocessing = 0;
		};
/* End PBXResourcesBuildPhase section */

/* Begin PBXSourcesBuildPhase section */
		8476EC2F2BBDA889000AEAD3 /* Sources */ = {
			isa = PBXSourcesBuildPhase;
			buildActionMask = 2147483647;
			files = (
				8476EC392BBDA889000AEAD3 /* ContentView.swift in Sources */,
				844F82672BF3913500A08C96 /* Location.swift in Sources */,
				844F82692BF39A4500A08C96 /* Weather.swift in Sources */,
				848D11432BF5276C00FC8A0B /* MeasurementFormatter+Extension.swift in Sources */,
				844F82602BF38ADA00A08C96 /* GeocodingClient.swift in Sources */,
				8476EC372BBDA889000AEAD3 /* WeatherApp.swift in Sources */,
				843F5FE72BC3F1E500693784 /* Days.swift in Sources */,
				84DABF5C2BBF112900E247AB /* WeatherButton.swift in Sources */,
				844F825D2BF386F200A08C96 /* WeatherClient.swift in Sources */,
				844F82622BF38B3800A08C96 /* APIEndpoint.swift in Sources */,
				844F82652BF38DA800A08C96 /* Constants.swift in Sources */,
			);
			runOnlyForDeploymentPostprocessing = 0;
		};
/* End PBXSourcesBuildPhase section */

/* Begin XCBuildConfiguration section */
		8476EC3F2BBDA88B000AEAD3 /* Debug */ = {
			isa = XCBuildConfiguration;
			buildSettings = {
				ALWAYS_SEARCH_USER_PATHS = NO;
				ASSETCATALOG_COMPILER_GENERATE_SWIFT_ASSET_SYMBOL_EXTENSIONS = YES;
				CLANG_ANALYZER_NONNULL = YES;
				CLANG_ANALYZER_NUMBER_OBJECT_CONVERSION = YES_AGGRESSIVE;
				CLANG_CXX_LANGUAGE_STANDARD = "gnu++20";
				CLANG_ENABLE_MODULES = YES;
				CLANG_ENABLE_OBJC_ARC = YES;
				CLANG_ENABLE_OBJC_WEAK = YES;
				CLANG_WARN_BLOCK_CAPTURE_AUTORELEASING = YES;
				CLANG_WARN_BOOL_CONVERSION = YES;
				CLANG_WARN_COMMA = YES;
				CLANG_WARN_CONSTANT_CONVERSION = YES;
				CLANG_WARN_DEPRECATED_OBJC_IMPLEMENTATIONS = YES;
				CLANG_WARN_DIRECT_OBJC_ISA_USAGE = YES_ERROR;
				CLANG_WARN_DOCUMENTATION_COMMENTS = YES;
				CLANG_WARN_EMPTY_BODY = YES;
				CLANG_WARN_ENUM_CONVERSION = YES;
				CLANG_WARN_INFINITE_RECURSION = YES;
				CLANG_WARN_INT_CONVERSION = YES;
				CLANG_WARN_NON_LITERAL_NULL_CONVERSION = YES;
				CLANG_WARN_OBJC_IMPLICIT_RETAIN_SELF = YES;
				CLANG_WARN_OBJC_LITERAL_CONVERSION = YES;
				CLANG_WARN_OBJC_ROOT_CLASS = YES_ERROR;
				CLANG_WARN_QUOTED_INCLUDE_IN_FRAMEWORK_HEADER = YES;
				CLANG_WARN_RANGE_LOOP_ANALYSIS = YES;
				CLANG_WARN_STRICT_PROTOTYPES = YES;
				CLANG_WARN_SUSPICIOUS_MOVE = YES;
				CLANG_WARN_UNGUARDED_AVAILABILITY = YES_AGGRESSIVE;
				CLANG_WARN_UNREACHABLE_CODE = YES;
				CLANG_WARN__DUPLICATE_METHOD_MATCH = YES;
				COPY_PHASE_STRIP = NO;
				DEBUG_INFORMATION_FORMAT = dwarf;
				ENABLE_STRICT_OBJC_MSGSEND = YES;
				ENABLE_TESTABILITY = YES;
				ENABLE_USER_SCRIPT_SANDBOXING = YES;
				GCC_C_LANGUAGE_STANDARD = gnu11;
				GCC_DYNAMIC_NO_PIC = NO;
				GCC_NO_COMMON_BLOCKS = YES;
				GCC_OPTIMIZATION_LEVEL = 0;
				GCC_PREPROCESSOR_DEFINITIONS = (
					"DEBUG=1",
					"$(inherited)",
				);
				GCC_WARN_64_TO_32_BIT_CONVERSION = YES;
				GCC_WARN_ABOUT_RETURN_TYPE = YES_ERROR;
				GCC_WARN_UNDECLARED_SELECTOR = YES;
				GCC_WARN_UNINITIALIZED_AUTOS = YES_AGGRESSIVE;
				GCC_WARN_UNUSED_FUNCTION = YES;
				GCC_WARN_UNUSED_VARIABLE = YES;
				IPHONEOS_DEPLOYMENT_TARGET = 16.4;
				MTL_ENABLE_DEBUG_INFO = INCLUDE_SOURCE;
				MTL_FAST_MATH = YES;
				ONLY_ACTIVE_ARCH = YES;
				SDKROOT = iphoneos;
				SWIFT_ACTIVE_COMPILATION_CONDITIONS = DEBUG;
				SWIFT_OPTIMIZATION_LEVEL = "-Onone";
			};
			name = Debug;
		};
		8476EC402BBDA88B000AEAD3 /* Release */ = {
			isa = XCBuildConfiguration;
			buildSettings = {
				ALWAYS_SEARCH_USER_PATHS = NO;
				ASSETCATALOG_COMPILER_GENERATE_SWIFT_ASSET_SYMBOL_EXTENSIONS = YES;
				CLANG_ANALYZER_NONNULL = YES;
				CLANG_ANALYZER_NUMBER_OBJECT_CONVERSION = YES_AGGRESSIVE;
				CLANG_CXX_LANGUAGE_STANDARD = "gnu++20";
				CLANG_ENABLE_MODULES = YES;
				CLANG_ENABLE_OBJC_ARC = YES;
				CLANG_ENABLE_OBJC_WEAK = YES;
				CLANG_WARN_BLOCK_CAPTURE_AUTORELEASING = YES;
				CLANG_WARN_BOOL_CONVERSION = YES;
				CLANG_WARN_COMMA = YES;
				CLANG_WARN_CONSTANT_CONVERSION = YES;
				CLANG_WARN_DEPRECATED_OBJC_IMPLEMENTATIONS = YES;
				CLANG_WARN_DIRECT_OBJC_ISA_USAGE = YES_ERROR;
				CLANG_WARN_DOCUMENTATION_COMMENTS = YES;
				CLANG_WARN_EMPTY_BODY = YES;
				CLANG_WARN_ENUM_CONVERSION = YES;
				CLANG_WARN_INFINITE_RECURSION = YES;
				CLANG_WARN_INT_CONVERSION = YES;
				CLANG_WARN_NON_LITERAL_NULL_CONVERSION = YES;
				CLANG_WARN_OBJC_IMPLICIT_RETAIN_SELF = YES;
				CLANG_WARN_OBJC_LITERAL_CONVERSION = YES;
				CLANG_WARN_OBJC_ROOT_CLASS = YES_ERROR;
				CLANG_WARN_QUOTED_INCLUDE_IN_FRAMEWORK_HEADER = YES;
				CLANG_WARN_RANGE_LOOP_ANALYSIS = YES;
				CLANG_WARN_STRICT_PROTOTYPES = YES;
				CLANG_WARN_SUSPICIOUS_MOVE = YES;
				CLANG_WARN_UNGUARDED_AVAILABILITY = YES_AGGRESSIVE;
				CLANG_WARN_UNREACHABLE_CODE = YES;
				CLANG_WARN__DUPLICATE_METHOD_MATCH = YES;
				COPY_PHASE_STRIP = NO;
				DEBUG_INFORMATION_FORMAT = "dwarf-with-dsym";
				ENABLE_NS_ASSERTIONS = NO;
				ENABLE_STRICT_OBJC_MSGSEND = YES;
				ENABLE_USER_SCRIPT_SANDBOXING = YES;
				GCC_C_LANGUAGE_STANDARD = gnu11;
				GCC_NO_COMMON_BLOCKS = YES;
				GCC_WARN_64_TO_32_BIT_CONVERSION = YES;
				GCC_WARN_ABOUT_RETURN_TYPE = YES_ERROR;
				GCC_WARN_UNDECLARED_SELECTOR = YES;
				GCC_WARN_UNINITIALIZED_AUTOS = YES_AGGRESSIVE;
				GCC_WARN_UNUSED_FUNCTION = YES;
				GCC_WARN_UNUSED_VARIABLE = YES;
				IPHONEOS_DEPLOYMENT_TARGET = 16.4;
				MTL_ENABLE_DEBUG_INFO = NO;
				MTL_FAST_MATH = YES;
				SDKROOT = iphoneos;
				SWIFT_COMPILATION_MODE = wholemodule;
				SWIFT_OPTIMIZATION_LEVEL = "-O";
				VALIDATE_PRODUCT = YES;
			};
			name = Release;
		};
		8476EC422BBDA88B000AEAD3 /* Debug */ = {
			isa = XCBuildConfiguration;
			buildSettings = {
				ASSETCATALOG_COMPILER_APPICON_NAME = AppIcon;
				ASSETCATALOG_COMPILER_GLOBAL_ACCENT_COLOR_NAME = AccentColor;
				CODE_SIGN_STYLE = Automatic;
				CURRENT_PROJECT_VERSION = 1;
				DEVELOPMENT_ASSET_PATHS = "\"Weather/Preview Content\"";
				DEVELOPMENT_TEAM = PX2KBZ68Q6;
				ENABLE_PREVIEWS = YES;
				GENERATE_INFOPLIST_FILE = YES;
				INFOPLIST_KEY_UIApplicationSceneManifest_Generation = YES;
				INFOPLIST_KEY_UIApplicationSupportsIndirectInputEvents = YES;
				INFOPLIST_KEY_UILaunchScreen_Generation = YES;
				INFOPLIST_KEY_UISupportedInterfaceOrientations_iPad = "UIInterfaceOrientationPortrait UIInterfaceOrientationPortraitUpsideDown UIInterfaceOrientationLandscapeLeft UIInterfaceOrientationLandscapeRight";
				INFOPLIST_KEY_UISupportedInterfaceOrientations_iPhone = "UIInterfaceOrientationPortrait UIInterfaceOrientationLandscapeLeft UIInterfaceOrientationLandscapeRight";
				LD_RUNPATH_SEARCH_PATHS = (
					"$(inherited)",
					"@executable_path/Frameworks",
				);
				MARKETING_VERSION = 1.0;
				PRODUCT_BUNDLE_IDENTIFIER = com.DanutPopa.Weather;
				PRODUCT_NAME = "$(TARGET_NAME)";
				SWIFT_EMIT_LOC_STRINGS = YES;
				SWIFT_VERSION = 5.0;
				TARGETED_DEVICE_FAMILY = "1,2";
			};
			name = Debug;
		};
		8476EC432BBDA88B000AEAD3 /* Release */ = {
			isa = XCBuildConfiguration;
			buildSettings = {
				ASSETCATALOG_COMPILER_APPICON_NAME = AppIcon;
				ASSETCATALOG_COMPILER_GLOBAL_ACCENT_COLOR_NAME = AccentColor;
				CODE_SIGN_STYLE = Automatic;
				CURRENT_PROJECT_VERSION = 1;
				DEVELOPMENT_ASSET_PATHS = "\"Weather/Preview Content\"";
				DEVELOPMENT_TEAM = PX2KBZ68Q6;
				ENABLE_PREVIEWS = YES;
				GENERATE_INFOPLIST_FILE = YES;
				INFOPLIST_KEY_UIApplicationSceneManifest_Generation = YES;
				INFOPLIST_KEY_UIApplicationSupportsIndirectInputEvents = YES;
				INFOPLIST_KEY_UILaunchScreen_Generation = YES;
				INFOPLIST_KEY_UISupportedInterfaceOrientations_iPad = "UIInterfaceOrientationPortrait UIInterfaceOrientationPortraitUpsideDown UIInterfaceOrientationLandscapeLeft UIInterfaceOrientationLandscapeRight";
				INFOPLIST_KEY_UISupportedInterfaceOrientations_iPhone = "UIInterfaceOrientationPortrait UIInterfaceOrientationLandscapeLeft UIInterfaceOrientationLandscapeRight";
				LD_RUNPATH_SEARCH_PATHS = (
					"$(inherited)",
					"@executable_path/Frameworks",
				);
				MARKETING_VERSION = 1.0;
				PRODUCT_BUNDLE_IDENTIFIER = com.DanutPopa.Weather;
				PRODUCT_NAME = "$(TARGET_NAME)";
				SWIFT_EMIT_LOC_STRINGS = YES;
				SWIFT_VERSION = 5.0;
				TARGETED_DEVICE_FAMILY = "1,2";
			};
			name = Release;
		};
/* End XCBuildConfiguration section */

/* Begin XCConfigurationList section */
		8476EC2E2BBDA889000AEAD3 /* Build configuration list for PBXProject "Weather" */ = {
			isa = XCConfigurationList;
			buildConfigurations = (
				8476EC3F2BBDA88B000AEAD3 /* Debug */,
				8476EC402BBDA88B000AEAD3 /* Release */,
			);
			defaultConfigurationIsVisible = 0;
			defaultConfigurationName = Release;
		};
		8476EC412BBDA88B000AEAD3 /* Build configuration list for PBXNativeTarget "Weather" */ = {
			isa = XCConfigurationList;
			buildConfigurations = (
				8476EC422BBDA88B000AEAD3 /* Debug */,
				8476EC432BBDA88B000AEAD3 /* Release */,
			);
			defaultConfigurationIsVisible = 0;
			defaultConfigurationName = Release;
		};
/* End XCConfigurationList section */
	};
	rootObject = 8476EC2B2BBDA889000AEAD3 /* Project object */;
}
